// !$*UTF8*$!
{
	archiveVersion = 1;
	classes = {
	};
	objectVersion = 50;
	objects = {

/* Begin PBXBuildFile section */
		BF61430225ACDA0500B89B51 /* CrawlForPlaceIDs.swift in Sources */ = {isa = PBXBuildFile; fileRef = BF61430125ACDA0500B89B51 /* CrawlForPlaceIDs.swift */; };
		BF61430525ACDA2F00B89B51 /* JSONDecoderHelper.swift in Sources */ = {isa = PBXBuildFile; fileRef = BF61430425ACDA2F00B89B51 /* JSONDecoderHelper.swift */; };
		BF61430825ACDEE900B89B51 /* DeepCrawl.swift in Sources */ = {isa = PBXBuildFile; fileRef = BF61430725ACDEE900B89B51 /* DeepCrawl.swift */; };
		BF61430B25ACE10C00B89B51 /* TripGeneration.swift in Sources */ = {isa = PBXBuildFile; fileRef = BF61430A25ACE10C00B89B51 /* TripGeneration.swift */; };
		BF9F533525ACD18500B0DCB7 /* MakeTheTripApp.swift in Sources */ = {isa = PBXBuildFile; fileRef = BF9F533425ACD18500B0DCB7 /* MakeTheTripApp.swift */; };
		BF9F533725ACD18500B0DCB7 /* ContentView.swift in Sources */ = {isa = PBXBuildFile; fileRef = BF9F533625ACD18500B0DCB7 /* ContentView.swift */; };
		BF9F533925ACD18700B0DCB7 /* Assets.xcassets in Resources */ = {isa = PBXBuildFile; fileRef = BF9F533825ACD18700B0DCB7 /* Assets.xcassets */; };
		BF9F533C25ACD18700B0DCB7 /* Preview Assets.xcassets in Resources */ = {isa = PBXBuildFile; fileRef = BF9F533B25ACD18700B0DCB7 /* Preview Assets.xcassets */; };
		BF9F534625ACD25D00B0DCB7 /* LocationFunctions.swift in Sources */ = {isa = PBXBuildFile; fileRef = BF9F534525ACD25D00B0DCB7 /* LocationFunctions.swift */; };
/* End PBXBuildFile section */

/* Begin PBXFileReference section */
		BF61430125ACDA0500B89B51 /* CrawlForPlaceIDs.swift */ = {isa = PBXFileReference; lastKnownFileType = sourcecode.swift; path = CrawlForPlaceIDs.swift; sourceTree = "<group>"; };
		BF61430425ACDA2F00B89B51 /* JSONDecoderHelper.swift */ = {isa = PBXFileReference; lastKnownFileType = sourcecode.swift; path = JSONDecoderHelper.swift; sourceTree = "<group>"; };
		BF61430725ACDEE900B89B51 /* DeepCrawl.swift */ = {isa = PBXFileReference; lastKnownFileType = sourcecode.swift; path = DeepCrawl.swift; sourceTree = "<group>"; };
		BF61430A25ACE10C00B89B51 /* TripGeneration.swift */ = {isa = PBXFileReference; lastKnownFileType = sourcecode.swift; path = TripGeneration.swift; sourceTree = "<group>"; };
		BF9F533125ACD18500B0DCB7 /* MakeTheTrip.app */ = {isa = PBXFileReference; explicitFileType = wrapper.application; includeInIndex = 0; path = MakeTheTrip.app; sourceTree = BUILT_PRODUCTS_DIR; };
		BF9F533425ACD18500B0DCB7 /* MakeTheTripApp.swift */ = {isa = PBXFileReference; lastKnownFileType = sourcecode.swift; path = MakeTheTripApp.swift; sourceTree = "<group>"; };
		BF9F533625ACD18500B0DCB7 /* ContentView.swift */ = {isa = PBXFileReference; lastKnownFileType = sourcecode.swift; path = ContentView.swift; sourceTree = "<group>"; };
		BF9F533825ACD18700B0DCB7 /* Assets.xcassets */ = {isa = PBXFileReference; lastKnownFileType = folder.assetcatalog; path = Assets.xcassets; sourceTree = "<group>"; };
		BF9F533B25ACD18700B0DCB7 /* Preview Assets.xcassets */ = {isa = PBXFileReference; lastKnownFileType = folder.assetcatalog; path = "Preview Assets.xcassets"; sourceTree = "<group>"; };
		BF9F533D25ACD18700B0DCB7 /* Info.plist */ = {isa = PBXFileReference; lastKnownFileType = text.plist.xml; path = Info.plist; sourceTree = "<group>"; };
		BF9F534525ACD25D00B0DCB7 /* LocationFunctions.swift */ = {isa = PBXFileReference; lastKnownFileType = sourcecode.swift; path = LocationFunctions.swift; sourceTree = "<group>"; };
/* End PBXFileReference section */

/* Begin PBXFrameworksBuildPhase section */
		BF9F532E25ACD18500B0DCB7 /* Frameworks */ = {
			isa = PBXFrameworksBuildPhase;
			buildActionMask = 2147483647;
			files = (
			);
			runOnlyForDeploymentPostprocessing = 0;
		};
/* End PBXFrameworksBuildPhase section */

/* Begin PBXGroup section */
		BF9F532825ACD18500B0DCB7 = {
			isa = PBXGroup;
			children = (
				BF9F533325ACD18500B0DCB7 /* MakeTheTrip */,
				BF9F533225ACD18500B0DCB7 /* Products */,
			);
			sourceTree = "<group>";
		};
		BF9F533225ACD18500B0DCB7 /* Products */ = {
			isa = PBXGroup;
			children = (
				BF9F533125ACD18500B0DCB7 /* MakeTheTrip.app */,
			);
			name = Products;
			sourceTree = "<group>";
		};
		BF9F533325ACD18500B0DCB7 /* MakeTheTrip */ = {
			isa = PBXGroup;
			children = (
				BF9F534425ACD21600B0DCB7 /* CrawlingAndSortingAlgorithms */,
				BF9F533425ACD18500B0DCB7 /* MakeTheTripApp.swift */,
				BF9F533625ACD18500B0DCB7 /* ContentView.swift */,
				BF9F533825ACD18700B0DCB7 /* Assets.xcassets */,
				BF9F533D25ACD18700B0DCB7 /* Info.plist */,
				BF9F533A25ACD18700B0DCB7 /* Preview Content */,
			);
			path = MakeTheTrip;
			sourceTree = "<group>";
		};
		BF9F533A25ACD18700B0DCB7 /* Preview Content */ = {
			isa = PBXGroup;
			children = (
				BF9F533B25ACD18700B0DCB7 /* Preview Assets.xcassets */,
			);
			path = "Preview Content";
			sourceTree = "<group>";
		};
		BF9F534425ACD21600B0DCB7 /* CrawlingAndSortingAlgorithms */ = {
			isa = PBXGroup;
			children = (
				BF9F534525ACD25D00B0DCB7 /* LocationFunctions.swift */,
				BF61430125ACDA0500B89B51 /* CrawlForPlaceIDs.swift */,
				BF61430425ACDA2F00B89B51 /* JSONDecoderHelper.swift */,
				BF61430725ACDEE900B89B51 /* DeepCrawl.swift */,
				BF61430A25ACE10C00B89B51 /* TripGeneration.swift */,
			);
			path = CrawlingAndSortingAlgorithms;
			sourceTree = "<group>";
		};
/* End PBXGroup section */

/* Begin PBXNativeTarget section */
		BF9F533025ACD18500B0DCB7 /* MakeTheTrip */ = {
			isa = PBXNativeTarget;
			buildConfigurationList = BF9F534025ACD18700B0DCB7 /* Build configuration list for PBXNativeTarget "MakeTheTrip" */;
			buildPhases = (
				BF9F532D25ACD18500B0DCB7 /* Sources */,
				BF9F532E25ACD18500B0DCB7 /* Frameworks */,
				BF9F532F25ACD18500B0DCB7 /* Resources */,
			);
			buildRules = (
			);
			dependencies = (
			);
			name = MakeTheTrip;
			productName = MakeTheTrip;
			productReference = BF9F533125ACD18500B0DCB7 /* MakeTheTrip.app */;
			productType = "com.apple.product-type.application";
		};
/* End PBXNativeTarget section */

/* Begin PBXProject section */
		BF9F532925ACD18500B0DCB7 /* Project object */ = {
			isa = PBXProject;
			attributes = {
				LastSwiftUpdateCheck = 1230;
				LastUpgradeCheck = 1230;
				TargetAttributes = {
					BF9F533025ACD18500B0DCB7 = {
						CreatedOnToolsVersion = 12.3;
					};
				};
			};
			buildConfigurationList = BF9F532C25ACD18500B0DCB7 /* Build configuration list for PBXProject "MakeTheTrip" */;
			compatibilityVersion = "Xcode 9.3";
			developmentRegion = en;
			hasScannedForEncodings = 0;
			knownRegions = (
				en,
				Base,
			);
			mainGroup = BF9F532825ACD18500B0DCB7;
			productRefGroup = BF9F533225ACD18500B0DCB7 /* Products */;
			projectDirPath = "";
			projectRoot = "";
			targets = (
				BF9F533025ACD18500B0DCB7 /* MakeTheTrip */,
			);
		};
/* End PBXProject section */

/* Begin PBXResourcesBuildPhase section */
		BF9F532F25ACD18500B0DCB7 /* Resources */ = {
			isa = PBXResourcesBuildPhase;
			buildActionMask = 2147483647;
			files = (
				BF9F533C25ACD18700B0DCB7 /* Preview Assets.xcassets in Resources */,
				BF9F533925ACD18700B0DCB7 /* Assets.xcassets in Resources */,
			);
			runOnlyForDeploymentPostprocessing = 0;
		};
/* End PBXResourcesBuildPhase section */

/* Begin PBXSourcesBuildPhase section */
		BF9F532D25ACD18500B0DCB7 /* Sources */ = {
			isa = PBXSourcesBuildPhase;
			buildActionMask = 2147483647;
			files = (
				BF9F534625ACD25D00B0DCB7 /* LocationFunctions.swift in Sources */,
				BF9F533725ACD18500B0DCB7 /* ContentView.swift in Sources */,
				BF61430B25ACE10C00B89B51 /* TripGeneration.swift in Sources */,
				BF61430525ACDA2F00B89B51 /* JSONDecoderHelper.swift in Sources */,
				BF61430825ACDEE900B89B51 /* DeepCrawl.swift in Sources */,
				BF61430225ACDA0500B89B51 /* CrawlForPlaceIDs.swift in Sources */,
				BF9F533525ACD18500B0DCB7 /* MakeTheTripApp.swift in Sources */,
			);
			runOnlyForDeploymentPostprocessing = 0;
		};
/* End PBXSourcesBuildPhase section */

/* Begin XCBuildConfiguration section */
		BF9F533E25ACD18700B0DCB7 /* Debug */ = {
			isa = XCBuildConfiguration;
			buildSettings = {
				ALWAYS_SEARCH_USER_PATHS = NO;
				CLANG_ANALYZER_NONNULL = YES;
				CLANG_ANALYZER_NUMBER_OBJECT_CONVERSION = YES_AGGRESSIVE;
				CLANG_CXX_LANGUAGE_STANDARD = "gnu++14";
				CLANG_CXX_LIBRARY = "libc++";
				CLANG_ENABLE_MODULES = YES;
				CLANG_ENABLE_OBJC_ARC = YES;
				CLANG_ENABLE_OBJC_WEAK = YES;
				CLANG_WARN_BLOCK_CAPTURE_AUTORELEASING = YES;
				CLANG_WARN_BOOL_CONVERSION = YES;
				CLANG_WARN_COMMA = YES;
				CLANG_WARN_CONSTANT_CONVERSION = YES;
				CLANG_WARN_DEPRECATED_OBJC_IMPLEMENTATIONS = YES;
				CLANG_WARN_DIRECT_OBJC_ISA_USAGE = YES_ERROR;
				CLANG_WARN_DOCUMENTATION_COMMENTS = YES;
				CLANG_WARN_EMPTY_BODY = YES;
				CLANG_WARN_ENUM_CONVERSION = YES;
				CLANG_WARN_INFINITE_RECURSION = YES;
				CLANG_WARN_INT_CONVERSION = YES;
				CLANG_WARN_NON_LITERAL_NULL_CONVERSION = YES;
				CLANG_WARN_OBJC_IMPLICIT_RETAIN_SELF = YES;
				CLANG_WARN_OBJC_LITERAL_CONVERSION = YES;
				CLANG_WARN_OBJC_ROOT_CLASS = YES_ERROR;
				CLANG_WARN_QUOTED_INCLUDE_IN_FRAMEWORK_HEADER = YES;
				CLANG_WARN_RANGE_LOOP_ANALYSIS = YES;
				CLANG_WARN_STRICT_PROTOTYPES = YES;
				CLANG_WARN_SUSPICIOUS_MOVE = YES;
				CLANG_WARN_UNGUARDED_AVAILABILITY = YES_AGGRESSIVE;
				CLANG_WARN_UNREACHABLE_CODE = YES;
				CLANG_WARN__DUPLICATE_METHOD_MATCH = YES;
				COPY_PHASE_STRIP = NO;
				DEBUG_INFORMATION_FORMAT = dwarf;
				ENABLE_STRICT_OBJC_MSGSEND = YES;
				ENABLE_TESTABILITY = YES;
				GCC_C_LANGUAGE_STANDARD = gnu11;
				GCC_DYNAMIC_NO_PIC = NO;
				GCC_NO_COMMON_BLOCKS = YES;
				GCC_OPTIMIZATION_LEVEL = 0;
				GCC_PREPROCESSOR_DEFINITIONS = (
					"DEBUG=1",
					"$(inherited)",
				);
				GCC_WARN_64_TO_32_BIT_CONVERSION = YES;
				GCC_WARN_ABOUT_RETURN_TYPE = YES_ERROR;
				GCC_WARN_UNDECLARED_SELECTOR = YES;
				GCC_WARN_UNINITIALIZED_AUTOS = YES_AGGRESSIVE;
				GCC_WARN_UNUSED_FUNCTION = YES;
				GCC_WARN_UNUSED_VARIABLE = YES;
				IPHONEOS_DEPLOYMENT_TARGET = 14.3;
				MTL_ENABLE_DEBUG_INFO = INCLUDE_SOURCE;
				MTL_FAST_MATH = YES;
				ONLY_ACTIVE_ARCH = YES;
				SDKROOT = iphoneos;
				SWIFT_ACTIVE_COMPILATION_CONDITIONS = DEBUG;
				SWIFT_OPTIMIZATION_LEVEL = "-Onone";
			};
			name = Debug;
		};
		BF9F533F25ACD18700B0DCB7 /* Release */ = {
			isa = XCBuildConfiguration;
			buildSettings = {
				ALWAYS_SEARCH_USER_PATHS = NO;
				CLANG_ANALYZER_NONNULL = YES;
				CLANG_ANALYZER_NUMBER_OBJECT_CONVERSION = YES_AGGRESSIVE;
				CLANG_CXX_LANGUAGE_STANDARD = "gnu++14";
				CLANG_CXX_LIBRARY = "libc++";
				CLANG_ENABLE_MODULES = YES;
				CLANG_ENABLE_OBJC_ARC = YES;
				CLANG_ENABLE_OBJC_WEAK = YES;
				CLANG_WARN_BLOCK_CAPTURE_AUTORELEASING = YES;
				CLANG_WARN_BOOL_CONVERSION = YES;
				CLANG_WARN_COMMA = YES;
				CLANG_WARN_CONSTANT_CONVERSION = YES;
				CLANG_WARN_DEPRECATED_OBJC_IMPLEMENTATIONS = YES;
				CLANG_WARN_DIRECT_OBJC_ISA_USAGE = YES_ERROR;
				CLANG_WARN_DOCUMENTATION_COMMENTS = YES;
				CLANG_WARN_EMPTY_BODY = YES;
				CLANG_WARN_ENUM_CONVERSION = YES;
				CLANG_WARN_INFINITE_RECURSION = YES;
				CLANG_WARN_INT_CONVERSION = YES;
				CLANG_WARN_NON_LITERAL_NULL_CONVERSION = YES;
				CLANG_WARN_OBJC_IMPLICIT_RETAIN_SELF = YES;
				CLANG_WARN_OBJC_LITERAL_CONVERSION = YES;
				CLANG_WARN_OBJC_ROOT_CLASS = YES_ERROR;
				CLANG_WARN_QUOTED_INCLUDE_IN_FRAMEWORK_HEADER = YES;
				CLANG_WARN_RANGE_LOOP_ANALYSIS = YES;
				CLANG_WARN_STRICT_PROTOTYPES = YES;
				CLANG_WARN_SUSPICIOUS_MOVE = YES;
				CLANG_WARN_UNGUARDED_AVAILABILITY = YES_AGGRESSIVE;
				CLANG_WARN_UNREACHABLE_CODE = YES;
				CLANG_WARN__DUPLICATE_METHOD_MATCH = YES;
				COPY_PHASE_STRIP = NO;
				DEBUG_INFORMATION_FORMAT = "dwarf-with-dsym";
				ENABLE_NS_ASSERTIONS = NO;
				ENABLE_STRICT_OBJC_MSGSEND = YES;
				GCC_C_LANGUAGE_STANDARD = gnu11;
				GCC_NO_COMMON_BLOCKS = YES;
				GCC_WARN_64_TO_32_BIT_CONVERSION = YES;
				GCC_WARN_ABOUT_RETURN_TYPE = YES_ERROR;
				GCC_WARN_UNDECLARED_SELECTOR = YES;
				GCC_WARN_UNINITIALIZED_AUTOS = YES_AGGRESSIVE;
				GCC_WARN_UNUSED_FUNCTION = YES;
				GCC_WARN_UNUSED_VARIABLE = YES;
				IPHONEOS_DEPLOYMENT_TARGET = 14.3;
				MTL_ENABLE_DEBUG_INFO = NO;
				MTL_FAST_MATH = YES;
				SDKROOT = iphoneos;
				SWIFT_COMPILATION_MODE = wholemodule;
				SWIFT_OPTIMIZATION_LEVEL = "-O";
				VALIDATE_PRODUCT = YES;
			};
			name = Release;
		};
		BF9F534125ACD18700B0DCB7 /* Debug */ = {
			isa = XCBuildConfiguration;
			buildSettings = {
				ASSETCATALOG_COMPILER_APPICON_NAME = AppIcon;
				ASSETCATALOG_COMPILER_GLOBAL_ACCENT_COLOR_NAME = AccentColor;
				CODE_SIGN_STYLE = Automatic;
				DEVELOPMENT_ASSET_PATHS = "\"MakeTheTrip/Preview Content\"";
				DEVELOPMENT_TEAM = AXYS755DCS;
				ENABLE_PREVIEWS = YES;
				INFOPLIST_FILE = MakeTheTrip/Info.plist;
				IPHONEOS_DEPLOYMENT_TARGET = 14.0;
				LD_RUNPATH_SEARCH_PATHS = (
					"$(inherited)",
					"@executable_path/Frameworks",
				);
				PRODUCT_BUNDLE_IDENTIFIER = com.milliemince.MakeTheTrip;
				PRODUCT_NAME = "$(TARGET_NAME)";
				SWIFT_VERSION = 5.0;
				TARGETED_DEVICE_FAMILY = "1,2";
			};
			name = Debug;
		};
		BF9F534225ACD18700B0DCB7 /* Release */ = {
			isa = XCBuildConfiguration;
			buildSettings = {
				ASSETCATALOG_COMPILER_APPICON_NAME = AppIcon;
				ASSETCATALOG_COMPILER_GLOBAL_ACCENT_COLOR_NAME = AccentColor;
				CODE_SIGN_STYLE = Automatic;
				DEVELOPMENT_ASSET_PATHS = "\"MakeTheTrip/Preview Content\"";
				DEVELOPMENT_TEAM = AXYS755DCS;
				ENABLE_PREVIEWS = YES;
				INFOPLIST_FILE = MakeTheTrip/Info.plist;
				IPHONEOS_DEPLOYMENT_TARGET = 14.0;
				LD_RUNPATH_SEARCH_PATHS = (
					"$(inherited)",
					"@executable_path/Frameworks",
				);
				PRODUCT_BUNDLE_IDENTIFIER = com.milliemince.MakeTheTrip;
				PRODUCT_NAME = "$(TARGET_NAME)";
				SWIFT_VERSION = 5.0;
				TARGETED_DEVICE_FAMILY = "1,2";
			};
			name = Release;
		};
/* End XCBuildConfiguration section */

/* Begin XCConfigurationList section */
		BF9F532C25ACD18500B0DCB7 /* Build configuration list for PBXProject "MakeTheTrip" */ = {
			isa = XCConfigurationList;
			buildConfigurations = (
				BF9F533E25ACD18700B0DCB7 /* Debug */,
				BF9F533F25ACD18700B0DCB7 /* Release */,
			);
			defaultConfigurationIsVisible = 0;
			defaultConfigurationName = Release;
		};
		BF9F534025ACD18700B0DCB7 /* Build configuration list for PBXNativeTarget "MakeTheTrip" */ = {
			isa = XCConfigurationList;
			buildConfigurations = (
				BF9F534125ACD18700B0DCB7 /* Debug */,
				BF9F534225ACD18700B0DCB7 /* Release */,
			);
			defaultConfigurationIsVisible = 0;
			defaultConfigurationName = Release;
		};
/* End XCConfigurationList section */
	};
	rootObject = BF9F532925ACD18500B0DCB7 /* Project object */;
}
